
Microsoft Visual Studio Solution File, Format Version 12.00
# Visual Studio Version 16
VisualStudioVersion = 16.0.31729.503
MinimumVisualStudioVersion = 10.0.40219.1
Project("{9A19103F-16F7-4668-BE54-9A1E7A4F7556}") = "WebAutomation.Core", "WebAutomation.Core\WebAutomation.Core.csproj", "{1752FCBE-400F-4432-BC25-34FD425D3045}"
EndProject
Project("{FAE04EC0-301F-11D3-BF4B-00C04F79EFBC}") = "WebAutomation.Testing", "WebAutomation.Testing\WebAutomation.Testing.csproj", "{4FD1832D-66E8-4144-A712-9FC2DDF661FA}"
EndProject
Project("{FAE04EC0-301F-11D3-BF4B-00C04F79EFBC}") = "WebAutomation.Tests", "WebAutomation.Tests\WebAutomation.Tests.csproj", "{D029B260-E90A-4341-A3B5-7F428FF686A4}"
EndProject
Global
	GlobalSection(SolutionConfigurationPlatforms) = preSolution
		Debug|Any CPU = Debug|Any CPU
		Release|Any CPU = Release|Any CPU
	EndGlobalSection
	GlobalSection(ProjectConfigurationPlatforms) = postSolution
		{1752FCBE-400F-4432-BC25-34FD425D3045}.Debug|Any CPU.ActiveCfg = Debug|Any CPU
		{1752FCBE-400F-4432-BC25-34FD425D3045}.Debug|Any CPU.Build.0 = Debug|Any CPU
		{1752FCBE-400F-4432-BC25-34FD425D3045}.Release|Any CPU.ActiveCfg = Release|Any CPU
		{1752FCBE-400F-4432-BC25-34FD425D3045}.Release|Any CPU.Build.0 = Release|Any CPU
		{4FD1832D-66E8-4144-A712-9FC2DDF661FA}.Debug|Any CPU.ActiveCfg = Debug|Any CPU
		{4FD1832D-66E8-4144-A712-9FC2DDF661FA}.Debug|Any CPU.Build.0 = Debug|Any CPU
		{4FD1832D-66E8-4144-A712-9FC2DDF661FA}.Release|Any CPU.ActiveCfg = Release|Any CPU
		{4FD1832D-66E8-4144-A712-9FC2DDF661FA}.Release|Any CPU.Build.0 = Release|Any CPU
		{D029B260-E90A-4341-A3B5-7F428FF686A4}.Debug|Any CPU.ActiveCfg = Debug|Any CPU
		{D029B260-E90A-4341-A3B5-7F428FF686A4}.Debug|Any CPU.Build.0 = Debug|Any CPU
		{D029B260-E90A-4341-A3B5-7F428FF686A4}.Release|Any CPU.ActiveCfg = Release|Any CPU
		{D029B260-E90A-4341-A3B5-7F428FF686A4}.Release|Any CPU.Build.0 = Release|Any CPU
	EndGlobalSection
	GlobalSection(SolutionProperties) = preSolution
		HideSolutionNode = FALSE
	EndGlobalSection
	GlobalSection(ExtensibilityGlobals) = postSolution
		SolutionGuid = {CE3DF1EA-6ABF-491D-9F89-D6998D9BAB46}
	EndGlobalSection
EndGlobal
